
Microsoft Visual Studio Solution File, Format Version 12.00
# Visual Studio Version 17
VisualStudioVersion = 17.13.35919.96 d17.13
MinimumVisualStudioVersion = 10.0.40219.1
Project("{FAE04EC0-301F-11D3-BF4B-00C04F79EFBC}") = "RepasoOOP", "RepasoOOP.csproj", "{6EC5D31D-9096-49D4-951B-D8CA67D4B027}"
EndProject
Global
	GlobalSection(SolutionConfigurationPlatforms) = preSolution
		Debug|Any CPU = Debug|Any CPU
		Release|Any CPU = Release|Any CPU
	EndGlobalSection
	GlobalSection(ProjectConfigurationPlatforms) = postSolution
		{6EC5D31D-9096-49D4-951B-D8CA67D4B027}.Debug|Any CPU.ActiveCfg = Debug|Any CPU
		{6EC5D31D-9096-49D4-951B-D8CA67D4B027}.Debug|Any CPU.Build.0 = Debug|Any CPU
		{6EC5D31D-9096-49D4-951B-D8CA67D4B027}.Release|Any CPU.ActiveCfg = Release|Any CPU
		{6EC5D31D-9096-49D4-951B-D8CA67D4B027}.Release|Any CPU.Build.0 = Release|Any CPU
	EndGlobalSection
	GlobalSection(SolutionProperties) = preSolution
		HideSolutionNode = FALSE
	EndGlobalSection
	GlobalSection(ExtensibilityGlobals) = postSolution
		SolutionGuid = {53DA65C4-89A5-4DCF-A2D3-1E43BA44362A}
	EndGlobalSection
EndGlobal
